{
  "name": "@ionic/storage",
  "version": "2.4.0",
  "lockfileVersion": 2,
  "requires": true,
  "packages": {
    "": {
      "name": "@ionic/storage",
      "version": "2.4.0",
      "license": "MIT",
      "devDependencies": {
        "@rollup/plugin-commonjs": "^17.1.0",
        "@types/eslint": "^7.2.6",
        "localforage": "^1.9.0",
        "rollup": "^2.40.0"
      }
    },
    "node_modules/@rollup/plugin-commonjs": {
      "version": "17.1.0",
      "dev": true,
      "license": "MIT",
      "dependencies": {
        "@rollup/pluginutils": "^3.1.0",
        "commondir": "^1.0.1",
        "estree-walker": "^2.0.1",
        "glob": "^7.1.6",
        "is-reference": "^1.2.1",
        "magic-string": "^0.25.7",
        "resolve": "^1.17.0"
      },
      "engines": {
        "node": ">= 8.0.0"
      },
      "peerDependencies": {
        "rollup": "^2.30.0"
      }
    },
    "node_modules/@types/eslint": {
      "version": "7.2.6",
      "resolved": "https://registry.npmjs.org/@types/eslint/-/eslint-7.2.6.tgz",
      "integrity": "sha512-I+1sYH+NPQ3/tVqCeUSBwTE/0heyvtXqpIopUUArlBm0Kpocb8FbMa3AZ/ASKIFpN3rnEx932TTXDbt9OXsNDw==",
      "dev": true,
      "dependencies": {
        "@types/estree": "*",
        "@types/json-schema": "*"
      }
    },
    "node_modules/@types/estree": {
      "version": "0.0.46",
      "resolved": "https://registry.npmjs.org/@types/estree/-/estree-0.0.46.tgz",
      "integrity": "sha512-laIjwTQaD+5DukBZaygQ79K1Z0jb1bPEMRrkXSLjtCcZm+abyp5YbrqpSLzD42FwWW6gK/aS4NYpJ804nG2brg==",
      "dev": true
    },
    "node_modules/@types/json-schema": {
      "version": "7.0.7",
      "resolved": "https://registry.npmjs.org/@types/json-schema/-/json-schema-7.0.7.tgz",
      "integrity": "sha512-cxWFQVseBm6O9Gbw1IWb8r6OS4OhSt3hPZLkFApLjM8TEXROBuQGLAH2i2gZpcXdLBIrpXuTDhH7Vbm1iXmNGA==",
      "dev": true
    },
    "node_modules/estree-walker": {
      "version": "2.0.2",
      "dev": true,
      "license": "MIT"
    },
    "node_modules/glob": {
      "version": "7.1.6",
      "dev": true,
      "license": "ISC",
      "dependencies": {
        "fs.realpath": "^1.0.0",
        "inflight": "^1.0.4",
        "inherits": "2",
        "minimatch": "^3.0.4",
        "once": "^1.3.0",
        "path-is-absolute": "^1.0.0"
      },
      "engines": {
        "node": "*"
      },
      "funding": {
        "url": "https://github.com/sponsors/isaacs"
      }
    },
    "node_modules/localforage": {
      "version": "1.9.0",
      "dev": true,
      "license": "Apache-2.0",
      "dependencies": {
        "lie": "3.1.1"
      }
    },
    "node_modules/rollup": {
      "version": "2.40.0",
      "dev": true,
      "license": "MIT",
      "bin": {
        "rollup": "dist/bin/rollup"
      },
      "engines": {
        "node": ">=10.0.0"
      },
      "optionalDependencies": {
        "fsevents": "~2.3.1"
      }
    }
  },
  "dependencies": {
    "@rollup/plugin-commonjs": {
      "version": "17.1.0",
      "dev": true,
      "requires": {
        "@rollup/pluginutils": "^3.1.0",
        "commondir": "^1.0.1",
        "estree-walker": "^2.0.1",
        "glob": "^7.1.6",
        "is-reference": "^1.2.1",
        "magic-string": "^0.25.7",
        "resolve": "^1.17.0"
      }
    },
    "@types/eslint": {
      "version": "7.2.6",
      "resolved": "https://registry.npmjs.org/@types/eslint/-/eslint-7.2.6.tgz",
      "integrity": "sha512-I+1sYH+NPQ3/tVqCeUSBwTE/0heyvtXqpIopUUArlBm0Kpocb8FbMa3AZ/ASKIFpN3rnEx932TTXDbt9OXsNDw==",
      "dev": true,
      "requires": {
        "@types/estree": "*",
        "@types/json-schema": "*"
      }
    },
    "@types/estree": {
      "version": "0.0.46",
      "resolved": "https://registry.npmjs.org/@types/estree/-/estree-0.0.46.tgz",
      "integrity": "sha512-laIjwTQaD+5DukBZaygQ79K1Z0jb1bPEMRrkXSLjtCcZm+abyp5YbrqpSLzD42FwWW6gK/aS4NYpJ804nG2brg==",
      "dev": true
    },
    "@types/json-schema": {
      "version": "7.0.7",
      "resolved": "https://registry.npmjs.org/@types/json-schema/-/json-schema-7.0.7.tgz",
      "integrity": "sha512-cxWFQVseBm6O9Gbw1IWb8r6OS4OhSt3hPZLkFApLjM8TEXROBuQGLAH2i2gZpcXdLBIrpXuTDhH7Vbm1iXmNGA==",
      "dev": true
    },
    "estree-walker": {
      "version": "2.0.2",
      "dev": true
    },
    "glob": {
      "version": "7.1.6",
      "dev": true,
      "requires": {
        "fs.realpath": "^1.0.0",
        "inflight": "^1.0.4",
        "inherits": "2",
        "minimatch": "^3.0.4",
        "once": "^1.3.0",
        "path-is-absolute": "^1.0.0"
      }
    },
    "localforage": {
      "version": "1.9.0",
      "dev": true,
      "requires": {
        "lie": "3.1.1"
      }
    },
    "rollup": {
      "version": "2.40.0",
      "dev": true,
      "requires": {
        "fsevents": "~2.3.1"
      }
    }
  }
}
